
Microsoft Visual Studio Solution File, Format Version 12.00
# Visual Studio Version 16
VisualStudioVersion = 16.0.29230.47
MinimumVisualStudioVersion = 10.0.40219.1
Project("{9A19103F-16F7-4668-BE54-9A1E7A4F7556}") = "aspcoreconsumingwebapi", "aspcoreconsumingwebapi\aspcoreconsumingwebapi.csproj", "{2B541C88-CFF2-45DC-B03F-1D0E8958E6EA}"
EndProject
Global
	GlobalSection(SolutionConfigurationPlatforms) = preSolution
		Debug|Any CPU = Debug|Any CPU
		Release|Any CPU = Release|Any CPU
	EndGlobalSection
	GlobalSection(ProjectConfigurationPlatforms) = postSolution
		{2B541C88-CFF2-45DC-B03F-1D0E8958E6EA}.Debug|Any CPU.ActiveCfg = Debug|Any CPU
		{2B541C88-CFF2-45DC-B03F-1D0E8958E6EA}.Debug|Any CPU.Build.0 = Debug|Any CPU
		{2B541C88-CFF2-45DC-B03F-1D0E8958E6EA}.Release|Any CPU.ActiveCfg = Release|Any CPU
		{2B541C88-CFF2-45DC-B03F-1D0E8958E6EA}.Release|Any CPU.Build.0 = Release|Any CPU
	EndGlobalSection
	GlobalSection(SolutionProperties) = preSolution
		HideSolutionNode = FALSE
	EndGlobalSection
	GlobalSection(ExtensibilityGlobals) = postSolution
		SolutionGuid = {8B336F5F-0507-40AD-9FEF-8C38668E86F6}
	EndGlobalSection
EndGlobal
